schema: '2.0'
stages:
  data_ingestion:
    cmd: python src/data_ingestion.py
    deps:
    - path: src/data_ingestion.py
      hash: md5
      md5: 5f94d72c036bbac4eadabd448aabdb4e
      size: 4715
    params:
      params.yaml:
        data_ingestion.test_size: 0.2
    outs:
    - path: data/raw
      hash: md5
      md5: 399b501f22a27cdfd202e18938482837.dir
      size: 42109569
      nfiles: 2
  preprocessing:
    cmd: python src/preprocessing.py
    deps:
    - path: data/raw
      hash: md5
      md5: 399b501f22a27cdfd202e18938482837.dir
      size: 42109569
      nfiles: 2
    - path: src/preprocessing.py
      hash: md5
      md5: a0d13bd1d7a81504e4572954b8b69b65
      size: 3945
    outs:
    - path: data/interim
      hash: md5
      md5: 999f55d7f04efeae2a7ee92a77dc24bb.dir
      size: 24065842
      nfiles: 2
  feature_engineering:
    cmd: python src/feature_engineering.py
    deps:
    - path: data/interim
      hash: md5
      md5: 999f55d7f04efeae2a7ee92a77dc24bb.dir
      size: 24065842
      nfiles: 2
    - path: src/feature_engineering.py
      hash: md5
      md5: c268b91532efeb7a1b9defd2fe7a7342
      size: 3956
    params:
      params.yaml:
        feature_engineering.max_features: 500
    outs:
    - path: data/processed
      hash: md5
      md5: 50858f0468c9f1d251df56af2f7243f3.dir
      size: 871420978
      nfiles: 2
